
Microsoft Visual Studio Solution File, Format Version 12.00
# Visual Studio Version 17
VisualStudioVersion = 17.11.35222.181
MinimumVisualStudioVersion = 10.0.40219.1
Project("{FAE04EC0-301F-11D3-BF4B-00C04F79EFBC}") = "Employees", "Employees.csproj", "{934ED08E-057A-441C-B4CF-41D56F7F2E5A}"
EndProject
Global
	GlobalSection(SolutionConfigurationPlatforms) = preSolution
		Debug|Any CPU = Debug|Any CPU
		Release|Any CPU = Release|Any CPU
	EndGlobalSection
	GlobalSection(ProjectConfigurationPlatforms) = postSolution
		{934ED08E-057A-441C-B4CF-41D56F7F2E5A}.Debug|Any CPU.ActiveCfg = Debug|Any CPU
		{934ED08E-057A-441C-B4CF-41D56F7F2E5A}.Debug|Any CPU.Build.0 = Debug|Any CPU
		{934ED08E-057A-441C-B4CF-41D56F7F2E5A}.Release|Any CPU.ActiveCfg = Release|Any CPU
		{934ED08E-057A-441C-B4CF-41D56F7F2E5A}.Release|Any CPU.Build.0 = Release|Any CPU
	EndGlobalSection
	GlobalSection(SolutionProperties) = preSolution
		HideSolutionNode = FALSE
	EndGlobalSection
	GlobalSection(ExtensibilityGlobals) = postSolution
		SolutionGuid = {C5D7B0FF-7C09-4539-8E55-D6A0A7A999E9}
	EndGlobalSection
EndGlobal
